
Microsoft Visual Studio Solution File, Format Version 12.00
# Visual Studio Version 16
VisualStudioVersion = 16.0.31005.135
MinimumVisualStudioVersion = 10.0.40219.1
Project("{FAE04EC0-301F-11D3-BF4B-00C04F79EFBC}") = "3_34_EgyJatek", "3_34_EgyJatek\3_34_EgyJatek.csproj", "{FA6E419C-FCF7-4B73-8755-D2606325BFEF}"
EndProject
Global
	GlobalSection(SolutionConfigurationPlatforms) = preSolution
		Debug|Any CPU = Debug|Any CPU
		Release|Any CPU = Release|Any CPU
	EndGlobalSection
	GlobalSection(ProjectConfigurationPlatforms) = postSolution
		{FA6E419C-FCF7-4B73-8755-D2606325BFEF}.Debug|Any CPU.ActiveCfg = Debug|Any CPU
		{FA6E419C-FCF7-4B73-8755-D2606325BFEF}.Debug|Any CPU.Build.0 = Debug|Any CPU
		{FA6E419C-FCF7-4B73-8755-D2606325BFEF}.Release|Any CPU.ActiveCfg = Release|Any CPU
		{FA6E419C-FCF7-4B73-8755-D2606325BFEF}.Release|Any CPU.Build.0 = Release|Any CPU
	EndGlobalSection
	GlobalSection(SolutionProperties) = preSolution
		HideSolutionNode = FALSE
	EndGlobalSection
	GlobalSection(ExtensibilityGlobals) = postSolution
		SolutionGuid = {70AF63CD-F36F-4482-867F-9C277F1D6FBA}
	EndGlobalSection
EndGlobal
